
Microsoft Visual Studio Solution File, Format Version 12.00
# Visual Studio Version 16
VisualStudioVersion = 16.0.31321.278
MinimumVisualStudioVersion = 10.0.40219.1
Project("{FAE04EC0-301F-11D3-BF4B-00C04F79EFBC}") = "Shipment", "Shipment.csproj", "{EA3A8763-0DAC-4BB4-A5C5-DC2F124A8287}"
EndProject
Global
	GlobalSection(SolutionConfigurationPlatforms) = preSolution
		Debug|Any CPU = Debug|Any CPU
		Release|Any CPU = Release|Any CPU
	EndGlobalSection
	GlobalSection(ProjectConfigurationPlatforms) = postSolution
		{EA3A8763-0DAC-4BB4-A5C5-DC2F124A8287}.Debug|Any CPU.ActiveCfg = Debug|Any CPU
		{EA3A8763-0DAC-4BB4-A5C5-DC2F124A8287}.Debug|Any CPU.Build.0 = Debug|Any CPU
		{EA3A8763-0DAC-4BB4-A5C5-DC2F124A8287}.Release|Any CPU.ActiveCfg = Release|Any CPU
		{EA3A8763-0DAC-4BB4-A5C5-DC2F124A8287}.Release|Any CPU.Build.0 = Release|Any CPU
	EndGlobalSection
	GlobalSection(SolutionProperties) = preSolution
		HideSolutionNode = FALSE
	EndGlobalSection
	GlobalSection(ExtensibilityGlobals) = postSolution
		SolutionGuid = {D85B30D2-8F6A-42AD-8968-B59A4380F1EA}
	EndGlobalSection
EndGlobal
